
Microsoft Visual Studio Solution File, Format Version 12.00
# Visual Studio Version 17
VisualStudioVersion = 17.13.35806.99
MinimumVisualStudioVersion = 10.0.40219.1
Project("{2150E333-8FDC-42A3-9474-1A3956D46DE8}") = "src", "src", "{02EA681E-C7D8-13C7-8484-4AC65E1B71E8}"
EndProject
Project("{2150E333-8FDC-42A3-9474-1A3956D46DE8}") = "services", "services", "{2D7346BB-8FD3-4072-BFA6-EF33C4C300A4}"
EndProject
Project("{2150E333-8FDC-42A3-9474-1A3956D46DE8}") = "catalog", "catalog", "{00A5C061-6AAB-4197-A9B5-C5F4A4C225CD}"
EndProject
Project("{FAE04EC0-301F-11D3-BF4B-00C04F79EFBC}") = "UdemyMicroservice.Catalog.API", "UdemyMicroservice.Catalog.API\UdemyMicroservice.Catalog.API.csproj", "{E1EC9CC3-2641-4334-A9D2-AC117722205E}"
EndProject
Project("{E53339B2-1760-4266-BCC7-CA923CBCF16C}") = "docker-compose", "docker-compose.dcproj", "{81DDED9D-158B-E303-5F62-77A2896D2A5A}"
EndProject
Project("{2150E333-8FDC-42A3-9474-1A3956D46DE8}") = "shared", "shared", "{183505E3-DD6C-431A-BAA9-D986A36A0BB8}"
EndProject
Project("{FAE04EC0-301F-11D3-BF4B-00C04F79EFBC}") = "UdemyMicroservice.Shared", "..\UdemyMicroservice.Shared\UdemyMicroservice.Shared.csproj", "{D8F442AB-DFEE-43F7-BAAD-63E3CE414CDC}"
EndProject
Project("{2150E333-8FDC-42A3-9474-1A3956D46DE8}") = "basket", "basket", "{EA805799-84A8-4D29-A337-0DF93FE5C737}"
EndProject
Project("{FAE04EC0-301F-11D3-BF4B-00C04F79EFBC}") = "UdemyMicroservice.Basket.API", "..\UdemyMicroservice.Basket.API\UdemyMicroservice.Basket.API.csproj", "{B159A3C3-97ED-4114-AC6F-6F81D2DB26BD}"
EndProject
Global
	GlobalSection(SolutionConfigurationPlatforms) = preSolution
		Debug|Any CPU = Debug|Any CPU
		Release|Any CPU = Release|Any CPU
	EndGlobalSection
	GlobalSection(ProjectConfigurationPlatforms) = postSolution
		{E1EC9CC3-2641-4334-A9D2-AC117722205E}.Debug|Any CPU.ActiveCfg = Debug|Any CPU
		{E1EC9CC3-2641-4334-A9D2-AC117722205E}.Debug|Any CPU.Build.0 = Debug|Any CPU
		{E1EC9CC3-2641-4334-A9D2-AC117722205E}.Release|Any CPU.ActiveCfg = Release|Any CPU
		{E1EC9CC3-2641-4334-A9D2-AC117722205E}.Release|Any CPU.Build.0 = Release|Any CPU
		{81DDED9D-158B-E303-5F62-77A2896D2A5A}.Debug|Any CPU.ActiveCfg = Debug|Any CPU
		{81DDED9D-158B-E303-5F62-77A2896D2A5A}.Debug|Any CPU.Build.0 = Debug|Any CPU
		{81DDED9D-158B-E303-5F62-77A2896D2A5A}.Release|Any CPU.ActiveCfg = Release|Any CPU
		{81DDED9D-158B-E303-5F62-77A2896D2A5A}.Release|Any CPU.Build.0 = Release|Any CPU
		{D8F442AB-DFEE-43F7-BAAD-63E3CE414CDC}.Debug|Any CPU.ActiveCfg = Debug|Any CPU
		{D8F442AB-DFEE-43F7-BAAD-63E3CE414CDC}.Debug|Any CPU.Build.0 = Debug|Any CPU
		{D8F442AB-DFEE-43F7-BAAD-63E3CE414CDC}.Release|Any CPU.ActiveCfg = Release|Any CPU
		{D8F442AB-DFEE-43F7-BAAD-63E3CE414CDC}.Release|Any CPU.Build.0 = Release|Any CPU
		{B159A3C3-97ED-4114-AC6F-6F81D2DB26BD}.Debug|Any CPU.ActiveCfg = Debug|Any CPU
		{B159A3C3-97ED-4114-AC6F-6F81D2DB26BD}.Debug|Any CPU.Build.0 = Debug|Any CPU
		{B159A3C3-97ED-4114-AC6F-6F81D2DB26BD}.Release|Any CPU.ActiveCfg = Release|Any CPU
		{B159A3C3-97ED-4114-AC6F-6F81D2DB26BD}.Release|Any CPU.Build.0 = Release|Any CPU
	EndGlobalSection
	GlobalSection(SolutionProperties) = preSolution
		HideSolutionNode = FALSE
	EndGlobalSection
	GlobalSection(NestedProjects) = preSolution
		{2D7346BB-8FD3-4072-BFA6-EF33C4C300A4} = {02EA681E-C7D8-13C7-8484-4AC65E1B71E8}
		{00A5C061-6AAB-4197-A9B5-C5F4A4C225CD} = {2D7346BB-8FD3-4072-BFA6-EF33C4C300A4}
		{E1EC9CC3-2641-4334-A9D2-AC117722205E} = {00A5C061-6AAB-4197-A9B5-C5F4A4C225CD}
		{183505E3-DD6C-431A-BAA9-D986A36A0BB8} = {02EA681E-C7D8-13C7-8484-4AC65E1B71E8}
		{D8F442AB-DFEE-43F7-BAAD-63E3CE414CDC} = {183505E3-DD6C-431A-BAA9-D986A36A0BB8}
		{EA805799-84A8-4D29-A337-0DF93FE5C737} = {2D7346BB-8FD3-4072-BFA6-EF33C4C300A4}
		{B159A3C3-97ED-4114-AC6F-6F81D2DB26BD} = {EA805799-84A8-4D29-A337-0DF93FE5C737}
	EndGlobalSection
	GlobalSection(ExtensibilityGlobals) = postSolution
		SolutionGuid = {10135C65-F0B7-45CE-87BF-1955A23DD53B}
	EndGlobalSection
EndGlobal
